
Microsoft Visual Studio Solution File, Format Version 12.00
# Visual Studio Version 17
VisualStudioVersion = 17.4.33403.182
MinimumVisualStudioVersion = 10.0.40219.1
Project("{888888A0-9F3D-457C-B088-3A5042F75D52}") = "AdventCodeDay3", "AdventCodeDay3\AdventCodeDay3.pyproj", "{C758AEE7-B0DF-4D07-BC7D-EBFC8BE61A68}"
EndProject
Global
	GlobalSection(SolutionConfigurationPlatforms) = preSolution
		Debug|Any CPU = Debug|Any CPU
		Release|Any CPU = Release|Any CPU
	EndGlobalSection
	GlobalSection(ProjectConfigurationPlatforms) = postSolution
		{C758AEE7-B0DF-4D07-BC7D-EBFC8BE61A68}.Debug|Any CPU.ActiveCfg = Debug|Any CPU
		{C758AEE7-B0DF-4D07-BC7D-EBFC8BE61A68}.Release|Any CPU.ActiveCfg = Release|Any CPU
	EndGlobalSection
	GlobalSection(SolutionProperties) = preSolution
		HideSolutionNode = FALSE
	EndGlobalSection
	GlobalSection(ExtensibilityGlobals) = postSolution
		SolutionGuid = {484711C2-27CE-4DFE-86E2-01C8E1902963}
	EndGlobalSection
EndGlobal
