
Microsoft Visual Studio Solution File, Format Version 12.00
# Visual Studio Version 17
VisualStudioVersion = 17.4.33403.182
MinimumVisualStudioVersion = 10.0.40219.1
Project("{888888A0-9F3D-457C-B088-3A5042F75D52}") = "AdventCodeDay2", "AdventCodeDay2\AdventCodeDay2.pyproj", "{78AC38EC-EAD9-49DA-8663-4F43673D8C1B}"
EndProject
Global
	GlobalSection(SolutionConfigurationPlatforms) = preSolution
		Debug|Any CPU = Debug|Any CPU
		Release|Any CPU = Release|Any CPU
	EndGlobalSection
	GlobalSection(ProjectConfigurationPlatforms) = postSolution
		{78AC38EC-EAD9-49DA-8663-4F43673D8C1B}.Debug|Any CPU.ActiveCfg = Debug|Any CPU
		{78AC38EC-EAD9-49DA-8663-4F43673D8C1B}.Release|Any CPU.ActiveCfg = Release|Any CPU
	EndGlobalSection
	GlobalSection(SolutionProperties) = preSolution
		HideSolutionNode = FALSE
	EndGlobalSection
	GlobalSection(ExtensibilityGlobals) = postSolution
		SolutionGuid = {83E831A8-462C-496C-B70F-C6A86BEF014E}
	EndGlobalSection
EndGlobal
